
Microsoft Visual Studio Solution File, Format Version 12.00
# Visual Studio 15
VisualStudioVersion = 15.0.28010.2046
MinimumVisualStudioVersion = 10.0.40219.1
Project("{FAE04EC0-301F-11D3-BF4B-00C04F79EFBC}") = "Surviveplus.Dumper", "Surviveplus.Dumper\Surviveplus.Dumper.csproj", "{13703D57-EB4B-420E-816C-295A0089B1DF}"
EndProject
Project("{FAE04EC0-301F-11D3-BF4B-00C04F79EFBC}") = "Surviveplus.Dumper.Test", "Surviveplus.Dumper.Test\Surviveplus.Dumper.Test.csproj", "{F4B590C0-91EA-4142-936D-06D557BDFD71}"
EndProject
Global
	GlobalSection(SolutionConfigurationPlatforms) = preSolution
		Debug|Any CPU = Debug|Any CPU
		Release|Any CPU = Release|Any CPU
	EndGlobalSection
	GlobalSection(ProjectConfigurationPlatforms) = postSolution
		{13703D57-EB4B-420E-816C-295A0089B1DF}.Debug|Any CPU.ActiveCfg = Debug|Any CPU
		{13703D57-EB4B-420E-816C-295A0089B1DF}.Debug|Any CPU.Build.0 = Debug|Any CPU
		{13703D57-EB4B-420E-816C-295A0089B1DF}.Release|Any CPU.ActiveCfg = Release|Any CPU
		{13703D57-EB4B-420E-816C-295A0089B1DF}.Release|Any CPU.Build.0 = Release|Any CPU
		{F4B590C0-91EA-4142-936D-06D557BDFD71}.Debug|Any CPU.ActiveCfg = Debug|Any CPU
		{F4B590C0-91EA-4142-936D-06D557BDFD71}.Debug|Any CPU.Build.0 = Debug|Any CPU
		{F4B590C0-91EA-4142-936D-06D557BDFD71}.Release|Any CPU.ActiveCfg = Release|Any CPU
		{F4B590C0-91EA-4142-936D-06D557BDFD71}.Release|Any CPU.Build.0 = Release|Any CPU
	EndGlobalSection
	GlobalSection(SolutionProperties) = preSolution
		HideSolutionNode = FALSE
	EndGlobalSection
	GlobalSection(ExtensibilityGlobals) = postSolution
		SolutionGuid = {BDB6FF5E-5A6E-4D2C-996B-4B530436BAB6}
	EndGlobalSection
EndGlobal
